
Microsoft Visual Studio Solution File, Format Version 12.00
# Visual Studio Version 16
VisualStudioVersion = 25.0.1704.4
MinimumVisualStudioVersion = 10.0.40219.1
Project("{FAE04EC0-301F-11D3-BF4B-00C04F79EFBC}") = "InstantLista-WebApi", "InstantLista-Server\InstantLista-WebApi.csproj", "{9E69907B-996E-4DA0-B77C-C93DE3731909}"
EndProject
Project("{FAE04EC0-301F-11D3-BF4B-00C04F79EFBC}") = "InstantLista-ClassLibrary", "InstantLista-ClassLibrary\InstantLista-ClassLibrary.csproj", "{F7153A7F-1EE2-4023-B78E-D6A3D9C1DDEE}"
EndProject
Project("{FAE04EC0-301F-11D3-BF4B-00C04F79EFBC}") = "InsantLista-Services", "InsantLista-Services\InsantLista-Services.csproj", "{9DE482A1-F2BC-495C-9B39-1949ABE92EA8}"
EndProject
Global
	GlobalSection(SolutionConfigurationPlatforms) = preSolution
		Debug|Any CPU = Debug|Any CPU
		Release|Any CPU = Release|Any CPU
	EndGlobalSection
	GlobalSection(ProjectConfigurationPlatforms) = postSolution
		{9E69907B-996E-4DA0-B77C-C93DE3731909}.Debug|Any CPU.ActiveCfg = Debug|Any CPU
		{9E69907B-996E-4DA0-B77C-C93DE3731909}.Debug|Any CPU.Build.0 = Debug|Any CPU
		{9E69907B-996E-4DA0-B77C-C93DE3731909}.Release|Any CPU.ActiveCfg = Release|Any CPU
		{9E69907B-996E-4DA0-B77C-C93DE3731909}.Release|Any CPU.Build.0 = Release|Any CPU
		{F7153A7F-1EE2-4023-B78E-D6A3D9C1DDEE}.Debug|Any CPU.ActiveCfg = Debug|Any CPU
		{F7153A7F-1EE2-4023-B78E-D6A3D9C1DDEE}.Debug|Any CPU.Build.0 = Debug|Any CPU
		{F7153A7F-1EE2-4023-B78E-D6A3D9C1DDEE}.Release|Any CPU.ActiveCfg = Release|Any CPU
		{F7153A7F-1EE2-4023-B78E-D6A3D9C1DDEE}.Release|Any CPU.Build.0 = Release|Any CPU
		{9DE482A1-F2BC-495C-9B39-1949ABE92EA8}.Debug|Any CPU.ActiveCfg = Debug|Any CPU
		{9DE482A1-F2BC-495C-9B39-1949ABE92EA8}.Debug|Any CPU.Build.0 = Debug|Any CPU
		{9DE482A1-F2BC-495C-9B39-1949ABE92EA8}.Release|Any CPU.ActiveCfg = Release|Any CPU
		{9DE482A1-F2BC-495C-9B39-1949ABE92EA8}.Release|Any CPU.Build.0 = Release|Any CPU
	EndGlobalSection
	GlobalSection(SolutionProperties) = preSolution
		HideSolutionNode = FALSE
	EndGlobalSection
	GlobalSection(ExtensibilityGlobals) = postSolution
		SolutionGuid = {F1ACFD01-75FD-4E95-B3FD-BA48B0C58AEA}
	EndGlobalSection
EndGlobal
